
Microsoft Visual Studio Solution File, Format Version 10.00
# Visual Studio 2008
Project("{8BC9CEB8-8B4A-11D0-8D11-00A0C91BC942}") = "jello", "jello.vcproj", "{E1CAD2BE-A621-4D60-82C9-6ABBB6969D1E}"
	ProjectSection(ProjectDependencies) = postProject
		{A3A84737-5017-4577-B8A2-79429A25B8B6} = {A3A84737-5017-4577-B8A2-79429A25B8B6}
	EndProjectSection
EndProject
Project("{8BC9CEB8-8B4A-11D0-8D11-00A0C91BC942}") = "tinyxmlSTL", "tinyxml\tinyxmlSTL.vcproj", "{A3A84737-5017-4577-B8A2-79429A25B8B6}"
EndProject
Global
	GlobalSection(SolutionConfigurationPlatforms) = preSolution
		Debug|Win32 = Debug|Win32
		Release|Win32 = Release|Win32
	EndGlobalSection
	GlobalSection(ProjectConfigurationPlatforms) = postSolution
		{E1CAD2BE-A621-4D60-82C9-6ABBB6969D1E}.Debug|Win32.ActiveCfg = Debug|Win32
		{E1CAD2BE-A621-4D60-82C9-6ABBB6969D1E}.Debug|Win32.Build.0 = Debug|Win32
		{E1CAD2BE-A621-4D60-82C9-6ABBB6969D1E}.Release|Win32.ActiveCfg = Release|Win32
		{E1CAD2BE-A621-4D60-82C9-6ABBB6969D1E}.Release|Win32.Build.0 = Release|Win32
		{A3A84737-5017-4577-B8A2-79429A25B8B6}.Debug|Win32.ActiveCfg = Debug|Win32
		{A3A84737-5017-4577-B8A2-79429A25B8B6}.Debug|Win32.Build.0 = Debug|Win32
		{A3A84737-5017-4577-B8A2-79429A25B8B6}.Release|Win32.ActiveCfg = Release|Win32
		{A3A84737-5017-4577-B8A2-79429A25B8B6}.Release|Win32.Build.0 = Release|Win32
	EndGlobalSection
	GlobalSection(SolutionProperties) = preSolution
		HideSolutionNode = FALSE
	EndGlobalSection
EndGlobal
